
Microsoft Visual Studio Solution File, Format Version 12.00
# Visual Studio Version 17
VisualStudioVersion = 17.4.33213.308
MinimumVisualStudioVersion = 10.0.40219.1
Project("{9A19103F-16F7-4668-BE54-9A1E7A4F7556}") = "Oxide.Abstractions", "src\Oxide.Abstractions.csproj", "{712241DB-A156-4BE0-9473-668DD8D87BC9}"
EndProject
Project("{9A19103F-16F7-4668-BE54-9A1E7A4F7556}") = "Oxide.Compiler", "..\Oxide.Compiler\src\Oxide.Compiler.csproj", "{D77F201F-92AB-40D1-A2AB-71600FA137DB}"
EndProject
Project("{9A19103F-16F7-4668-BE54-9A1E7A4F7556}") = "Oxide.CSharp", "..\Oxide.CSharp\src\Oxide.CSharp.csproj", "{B6FAFF91-1E8E-4956-BF37-9A537813E226}"
EndProject
Project("{FAE04EC0-301F-11D3-BF4B-00C04F79EFBC}") = "Oxide.TestConsole", "Oxide.TestConsole\Oxide.TestConsole.csproj", "{2B4D9E6F-B836-4C30-830E-984834E1F36C}"
EndProject
Global
	GlobalSection(SolutionConfigurationPlatforms) = preSolution
		Debug|Any CPU = Debug|Any CPU
		Release|Any CPU = Release|Any CPU
	EndGlobalSection
	GlobalSection(ProjectConfigurationPlatforms) = postSolution
		{712241DB-A156-4BE0-9473-668DD8D87BC9}.Debug|Any CPU.ActiveCfg = Debug|Any CPU
		{712241DB-A156-4BE0-9473-668DD8D87BC9}.Debug|Any CPU.Build.0 = Debug|Any CPU
		{712241DB-A156-4BE0-9473-668DD8D87BC9}.Release|Any CPU.ActiveCfg = Release|Any CPU
		{712241DB-A156-4BE0-9473-668DD8D87BC9}.Release|Any CPU.Build.0 = Release|Any CPU
		{D77F201F-92AB-40D1-A2AB-71600FA137DB}.Debug|Any CPU.ActiveCfg = Debug|Any CPU
		{D77F201F-92AB-40D1-A2AB-71600FA137DB}.Debug|Any CPU.Build.0 = Debug|Any CPU
		{D77F201F-92AB-40D1-A2AB-71600FA137DB}.Release|Any CPU.ActiveCfg = Release|Any CPU
		{D77F201F-92AB-40D1-A2AB-71600FA137DB}.Release|Any CPU.Build.0 = Release|Any CPU
		{B6FAFF91-1E8E-4956-BF37-9A537813E226}.Debug|Any CPU.ActiveCfg = Debug|Any CPU
		{B6FAFF91-1E8E-4956-BF37-9A537813E226}.Debug|Any CPU.Build.0 = Debug|Any CPU
		{B6FAFF91-1E8E-4956-BF37-9A537813E226}.Release|Any CPU.ActiveCfg = Release|Any CPU
		{B6FAFF91-1E8E-4956-BF37-9A537813E226}.Release|Any CPU.Build.0 = Release|Any CPU
		{2B4D9E6F-B836-4C30-830E-984834E1F36C}.Debug|Any CPU.ActiveCfg = Debug|Any CPU
		{2B4D9E6F-B836-4C30-830E-984834E1F36C}.Debug|Any CPU.Build.0 = Debug|Any CPU
		{2B4D9E6F-B836-4C30-830E-984834E1F36C}.Release|Any CPU.ActiveCfg = Release|Any CPU
		{2B4D9E6F-B836-4C30-830E-984834E1F36C}.Release|Any CPU.Build.0 = Release|Any CPU
	EndGlobalSection
	GlobalSection(SolutionProperties) = preSolution
		HideSolutionNode = FALSE
	EndGlobalSection
	GlobalSection(ExtensibilityGlobals) = postSolution
		SolutionGuid = {91B49C34-FD84-4B0F-92F3-D53338D021D3}
	EndGlobalSection
EndGlobal
